
Microsoft Visual Studio Solution File, Format Version 12.00
# Visual Studio Version 17
VisualStudioVersion = 17.0.31903.59
MinimumVisualStudioVersion = 10.0.40219.1
Project("{2150E333-8FDC-42A3-9474-1A3956D46DE8}") = "PosKernel", "PosKernel", "{EED03899-3659-4D04-32BD-9A46F5538DE3}"
EndProject
Project("{FAE04EC0-301F-11D3-BF4B-00C04F79EFBC}") = "PosKernel.Abstractions", "PosKernel\PosKernel.Abstractions\PosKernel.Abstractions.csproj", "{703B412F-1EC1-4C92-BC2B-79D89905EAD3}"
EndProject
Project("{FAE04EC0-301F-11D3-BF4B-00C04F79EFBC}") = "PosKernel.Core", "PosKernel\PosKernel.Core\PosKernel.Core.csproj", "{7DED2F73-5774-4D32-802A-0C703B770EEC}"
EndProject
Project("{FAE04EC0-301F-11D3-BF4B-00C04F79EFBC}") = "PosKernel.Core.Tests", "PosKernel\PosKernel.Tests\PosKernel.Core.Tests\PosKernel.Core.Tests.csproj", "{24127852-7941-445D-978E-E4276D6AB00E}"
EndProject
Project("{FAE04EC0-301F-11D3-BF4B-00C04F79EFBC}") = "PosKernel.Extensions.Core", "PosKernel\PosKernel.Extensions.Core\PosKernel.Extensions.Core.csproj", "{C2F432DD-6C1E-4D19-9B11-1D8CB4333659}"
EndProject
Project("{FAE04EC0-301F-11D3-BF4B-00C04F79EFBC}") = "PosKernel.Client", "PosKernel\PosKernel.Client\PosKernel.Client.csproj", "{478635B2-94C0-4CA5-BE1A-1613CEAB8897}"
EndProject
Project("{2150E333-8FDC-42A3-9474-1A3956D46DE8}") = "Demo", "Demo", "{A39C23D2-F2C0-258D-165A-CF1E7FEE6E7B}"
EndProject
Project("{FAE04EC0-301F-11D3-BF4B-00C04F79EFBC}") = "Demo.PosKernel.Terminal", "Demo\Demo.PosKernel.Terminal\Demo.PosKernel.Terminal.csproj", "{7DAE1717-0B73-4A46-B5E0-E470EAE449E4}"
EndProject
Project("{2150E333-8FDC-42A3-9474-1A3956D46DE8}") = "AiPos", "AiPos", "{493DF7A1-F4D5-86E3-7B78-F1F45B5A7E36}"
EndProject
Project("{FAE04EC0-301F-11D3-BF4B-00C04F79EFBC}") = "AiPos.Core", "AiPos\AiPos.Core\AiPos.Core.csproj", "{4D365640-0B01-4311-9CE2-119017F85378}"
EndProject
Project("{FAE04EC0-301F-11D3-BF4B-00C04F79EFBC}") = "AiPos.Orchestrator", "AiPos\AiPos.Orchestrator\AiPos.Orchestrator.csproj", "{76F7B451-C975-48CA-AC90-93D1349C3215}"
EndProject
Project("{FAE04EC0-301F-11D3-BF4B-00C04F79EFBC}") = "AiPos.Agentic", "AiPos\AiPos.Agentic\AiPos.Agentic.csproj", "{1C3DEB8F-33D4-4E8C-904A-6A13D16C1BC3}"
EndProject
Project("{FAE04EC0-301F-11D3-BF4B-00C04F79EFBC}") = "Demo.AiPos.Terminal", "Demo\Demo.AiPos.Terminal\Demo.AiPos.Terminal.csproj", "{0535BB49-5A17-4196-87F8-57310D9EE344}"
EndProject
Project("{FAE04EC0-301F-11D3-BF4B-00C04F79EFBC}") = "AiPos.Tests", "AiPos\AiPos.Tests\AiPos.Tests.csproj", "{44E3417A-5837-4CC7-B49B-2B6FA3E7813A}"
EndProject
Project("{FAE04EC0-301F-11D3-BF4B-00C04F79EFBC}") = "Demo.AiPos.Tui", "Demo\Demo.AiPos.Tui\Demo.AiPos.Tui.csproj", "{49DDC0F3-83DE-462A-B98E-7E55D0C25F7E}"
EndProject
Project("{FAE04EC0-301F-11D3-BF4B-00C04F79EFBC}") = "PosKernel.Extensions.FoodService", "PosKernel\PosKernel.Extensions.FoodService\PosKernel.Extensions.FoodService.csproj", "{E33F81C2-3506-4AA1-BE4B-2BC83C8FCA16}"
EndProject
Global
	GlobalSection(SolutionConfigurationPlatforms) = preSolution
		Debug|Any CPU = Debug|Any CPU
		Debug|x64 = Debug|x64
		Debug|x86 = Debug|x86
		Release|Any CPU = Release|Any CPU
		Release|x64 = Release|x64
		Release|x86 = Release|x86
	EndGlobalSection
	GlobalSection(ProjectConfigurationPlatforms) = postSolution
		{703B412F-1EC1-4C92-BC2B-79D89905EAD3}.Debug|Any CPU.ActiveCfg = Debug|Any CPU
		{703B412F-1EC1-4C92-BC2B-79D89905EAD3}.Debug|Any CPU.Build.0 = Debug|Any CPU
		{703B412F-1EC1-4C92-BC2B-79D89905EAD3}.Debug|x64.ActiveCfg = Debug|Any CPU
		{703B412F-1EC1-4C92-BC2B-79D89905EAD3}.Debug|x64.Build.0 = Debug|Any CPU
		{703B412F-1EC1-4C92-BC2B-79D89905EAD3}.Debug|x86.ActiveCfg = Debug|Any CPU
		{703B412F-1EC1-4C92-BC2B-79D89905EAD3}.Debug|x86.Build.0 = Debug|Any CPU
		{703B412F-1EC1-4C92-BC2B-79D89905EAD3}.Release|Any CPU.ActiveCfg = Release|Any CPU
		{703B412F-1EC1-4C92-BC2B-79D89905EAD3}.Release|Any CPU.Build.0 = Release|Any CPU
		{703B412F-1EC1-4C92-BC2B-79D89905EAD3}.Release|x64.ActiveCfg = Release|Any CPU
		{703B412F-1EC1-4C92-BC2B-79D89905EAD3}.Release|x64.Build.0 = Release|Any CPU
		{703B412F-1EC1-4C92-BC2B-79D89905EAD3}.Release|x86.ActiveCfg = Release|Any CPU
		{703B412F-1EC1-4C92-BC2B-79D89905EAD3}.Release|x86.Build.0 = Release|Any CPU
		{7DED2F73-5774-4D32-802A-0C703B770EEC}.Debug|Any CPU.ActiveCfg = Debug|Any CPU
		{7DED2F73-5774-4D32-802A-0C703B770EEC}.Debug|Any CPU.Build.0 = Debug|Any CPU
		{7DED2F73-5774-4D32-802A-0C703B770EEC}.Debug|x64.ActiveCfg = Debug|Any CPU
		{7DED2F73-5774-4D32-802A-0C703B770EEC}.Debug|x64.Build.0 = Debug|Any CPU
		{7DED2F73-5774-4D32-802A-0C703B770EEC}.Debug|x86.ActiveCfg = Debug|Any CPU
		{7DED2F73-5774-4D32-802A-0C703B770EEC}.Debug|x86.Build.0 = Debug|Any CPU
		{7DED2F73-5774-4D32-802A-0C703B770EEC}.Release|Any CPU.ActiveCfg = Release|Any CPU
		{7DED2F73-5774-4D32-802A-0C703B770EEC}.Release|Any CPU.Build.0 = Release|Any CPU
		{7DED2F73-5774-4D32-802A-0C703B770EEC}.Release|x64.ActiveCfg = Release|Any CPU
		{7DED2F73-5774-4D32-802A-0C703B770EEC}.Release|x64.Build.0 = Release|Any CPU
		{7DED2F73-5774-4D32-802A-0C703B770EEC}.Release|x86.ActiveCfg = Release|Any CPU
		{7DED2F73-5774-4D32-802A-0C703B770EEC}.Release|x86.Build.0 = Release|Any CPU
		{24127852-7941-445D-978E-E4276D6AB00E}.Debug|Any CPU.ActiveCfg = Debug|Any CPU
		{24127852-7941-445D-978E-E4276D6AB00E}.Debug|Any CPU.Build.0 = Debug|Any CPU
		{24127852-7941-445D-978E-E4276D6AB00E}.Debug|x64.ActiveCfg = Debug|Any CPU
		{24127852-7941-445D-978E-E4276D6AB00E}.Debug|x64.Build.0 = Debug|Any CPU
		{24127852-7941-445D-978E-E4276D6AB00E}.Debug|x86.ActiveCfg = Debug|Any CPU
		{24127852-7941-445D-978E-E4276D6AB00E}.Debug|x86.Build.0 = Debug|Any CPU
		{24127852-7941-445D-978E-E4276D6AB00E}.Release|Any CPU.ActiveCfg = Release|Any CPU
		{24127852-7941-445D-978E-E4276D6AB00E}.Release|Any CPU.Build.0 = Release|Any CPU
		{24127852-7941-445D-978E-E4276D6AB00E}.Release|x64.ActiveCfg = Release|Any CPU
		{24127852-7941-445D-978E-E4276D6AB00E}.Release|x64.Build.0 = Release|Any CPU
		{24127852-7941-445D-978E-E4276D6AB00E}.Release|x86.ActiveCfg = Release|Any CPU
		{24127852-7941-445D-978E-E4276D6AB00E}.Release|x86.Build.0 = Release|Any CPU
		{C2F432DD-6C1E-4D19-9B11-1D8CB4333659}.Debug|Any CPU.ActiveCfg = Debug|Any CPU
		{C2F432DD-6C1E-4D19-9B11-1D8CB4333659}.Debug|Any CPU.Build.0 = Debug|Any CPU
		{C2F432DD-6C1E-4D19-9B11-1D8CB4333659}.Debug|x64.ActiveCfg = Debug|Any CPU
		{C2F432DD-6C1E-4D19-9B11-1D8CB4333659}.Debug|x64.Build.0 = Debug|Any CPU
		{C2F432DD-6C1E-4D19-9B11-1D8CB4333659}.Debug|x86.ActiveCfg = Debug|Any CPU
		{C2F432DD-6C1E-4D19-9B11-1D8CB4333659}.Debug|x86.Build.0 = Debug|Any CPU
		{C2F432DD-6C1E-4D19-9B11-1D8CB4333659}.Release|Any CPU.ActiveCfg = Release|Any CPU
		{C2F432DD-6C1E-4D19-9B11-1D8CB4333659}.Release|Any CPU.Build.0 = Release|Any CPU
		{C2F432DD-6C1E-4D19-9B11-1D8CB4333659}.Release|x64.ActiveCfg = Release|Any CPU
		{C2F432DD-6C1E-4D19-9B11-1D8CB4333659}.Release|x64.Build.0 = Release|Any CPU
		{C2F432DD-6C1E-4D19-9B11-1D8CB4333659}.Release|x86.ActiveCfg = Release|Any CPU
		{C2F432DD-6C1E-4D19-9B11-1D8CB4333659}.Release|x86.Build.0 = Release|Any CPU
		{478635B2-94C0-4CA5-BE1A-1613CEAB8897}.Debug|Any CPU.ActiveCfg = Debug|Any CPU
		{478635B2-94C0-4CA5-BE1A-1613CEAB8897}.Debug|Any CPU.Build.0 = Debug|Any CPU
		{478635B2-94C0-4CA5-BE1A-1613CEAB8897}.Debug|x64.ActiveCfg = Debug|Any CPU
		{478635B2-94C0-4CA5-BE1A-1613CEAB8897}.Debug|x64.Build.0 = Debug|Any CPU
		{478635B2-94C0-4CA5-BE1A-1613CEAB8897}.Debug|x86.ActiveCfg = Debug|Any CPU
		{478635B2-94C0-4CA5-BE1A-1613CEAB8897}.Debug|x86.Build.0 = Debug|Any CPU
		{478635B2-94C0-4CA5-BE1A-1613CEAB8897}.Release|Any CPU.ActiveCfg = Release|Any CPU
		{478635B2-94C0-4CA5-BE1A-1613CEAB8897}.Release|Any CPU.Build.0 = Release|Any CPU
		{478635B2-94C0-4CA5-BE1A-1613CEAB8897}.Release|x64.ActiveCfg = Release|Any CPU
		{478635B2-94C0-4CA5-BE1A-1613CEAB8897}.Release|x64.Build.0 = Release|Any CPU
		{478635B2-94C0-4CA5-BE1A-1613CEAB8897}.Release|x86.ActiveCfg = Release|Any CPU
		{478635B2-94C0-4CA5-BE1A-1613CEAB8897}.Release|x86.Build.0 = Release|Any CPU
		{7DAE1717-0B73-4A46-B5E0-E470EAE449E4}.Debug|Any CPU.ActiveCfg = Debug|Any CPU
		{7DAE1717-0B73-4A46-B5E0-E470EAE449E4}.Debug|Any CPU.Build.0 = Debug|Any CPU
		{7DAE1717-0B73-4A46-B5E0-E470EAE449E4}.Debug|x64.ActiveCfg = Debug|Any CPU
		{7DAE1717-0B73-4A46-B5E0-E470EAE449E4}.Debug|x64.Build.0 = Debug|Any CPU
		{7DAE1717-0B73-4A46-B5E0-E470EAE449E4}.Debug|x86.ActiveCfg = Debug|Any CPU
		{7DAE1717-0B73-4A46-B5E0-E470EAE449E4}.Debug|x86.Build.0 = Debug|Any CPU
		{7DAE1717-0B73-4A46-B5E0-E470EAE449E4}.Release|Any CPU.ActiveCfg = Release|Any CPU
		{7DAE1717-0B73-4A46-B5E0-E470EAE449E4}.Release|Any CPU.Build.0 = Release|Any CPU
		{7DAE1717-0B73-4A46-B5E0-E470EAE449E4}.Release|x64.ActiveCfg = Release|Any CPU
		{7DAE1717-0B73-4A46-B5E0-E470EAE449E4}.Release|x64.Build.0 = Release|Any CPU
		{7DAE1717-0B73-4A46-B5E0-E470EAE449E4}.Release|x86.ActiveCfg = Release|Any CPU
		{7DAE1717-0B73-4A46-B5E0-E470EAE449E4}.Release|x86.Build.0 = Release|Any CPU
		{4D365640-0B01-4311-9CE2-119017F85378}.Debug|Any CPU.ActiveCfg = Debug|Any CPU
		{4D365640-0B01-4311-9CE2-119017F85378}.Debug|Any CPU.Build.0 = Debug|Any CPU
		{4D365640-0B01-4311-9CE2-119017F85378}.Debug|x64.ActiveCfg = Debug|Any CPU
		{4D365640-0B01-4311-9CE2-119017F85378}.Debug|x64.Build.0 = Debug|Any CPU
		{4D365640-0B01-4311-9CE2-119017F85378}.Debug|x86.ActiveCfg = Debug|Any CPU
		{4D365640-0B01-4311-9CE2-119017F85378}.Debug|x86.Build.0 = Debug|Any CPU
		{4D365640-0B01-4311-9CE2-119017F85378}.Release|Any CPU.ActiveCfg = Release|Any CPU
		{4D365640-0B01-4311-9CE2-119017F85378}.Release|Any CPU.Build.0 = Release|Any CPU
		{4D365640-0B01-4311-9CE2-119017F85378}.Release|x64.ActiveCfg = Release|Any CPU
		{4D365640-0B01-4311-9CE2-119017F85378}.Release|x64.Build.0 = Release|Any CPU
		{4D365640-0B01-4311-9CE2-119017F85378}.Release|x86.ActiveCfg = Release|Any CPU
		{4D365640-0B01-4311-9CE2-119017F85378}.Release|x86.Build.0 = Release|Any CPU
		{76F7B451-C975-48CA-AC90-93D1349C3215}.Debug|Any CPU.ActiveCfg = Debug|Any CPU
		{76F7B451-C975-48CA-AC90-93D1349C3215}.Debug|Any CPU.Build.0 = Debug|Any CPU
		{76F7B451-C975-48CA-AC90-93D1349C3215}.Debug|x64.ActiveCfg = Debug|Any CPU
		{76F7B451-C975-48CA-AC90-93D1349C3215}.Debug|x64.Build.0 = Debug|Any CPU
		{76F7B451-C975-48CA-AC90-93D1349C3215}.Debug|x86.ActiveCfg = Debug|Any CPU
		{76F7B451-C975-48CA-AC90-93D1349C3215}.Debug|x86.Build.0 = Debug|Any CPU
		{76F7B451-C975-48CA-AC90-93D1349C3215}.Release|Any CPU.ActiveCfg = Release|Any CPU
		{76F7B451-C975-48CA-AC90-93D1349C3215}.Release|Any CPU.Build.0 = Release|Any CPU
		{76F7B451-C975-48CA-AC90-93D1349C3215}.Release|x64.ActiveCfg = Release|Any CPU
		{76F7B451-C975-48CA-AC90-93D1349C3215}.Release|x64.Build.0 = Release|Any CPU
		{76F7B451-C975-48CA-AC90-93D1349C3215}.Release|x86.ActiveCfg = Release|Any CPU
		{76F7B451-C975-48CA-AC90-93D1349C3215}.Release|x86.Build.0 = Release|Any CPU
		{1C3DEB8F-33D4-4E8C-904A-6A13D16C1BC3}.Debug|Any CPU.ActiveCfg = Debug|Any CPU
		{1C3DEB8F-33D4-4E8C-904A-6A13D16C1BC3}.Debug|Any CPU.Build.0 = Debug|Any CPU
		{1C3DEB8F-33D4-4E8C-904A-6A13D16C1BC3}.Debug|x64.ActiveCfg = Debug|Any CPU
		{1C3DEB8F-33D4-4E8C-904A-6A13D16C1BC3}.Debug|x64.Build.0 = Debug|Any CPU
		{1C3DEB8F-33D4-4E8C-904A-6A13D16C1BC3}.Debug|x86.ActiveCfg = Debug|Any CPU
		{1C3DEB8F-33D4-4E8C-904A-6A13D16C1BC3}.Debug|x86.Build.0 = Debug|Any CPU
		{1C3DEB8F-33D4-4E8C-904A-6A13D16C1BC3}.Release|Any CPU.ActiveCfg = Release|Any CPU
		{1C3DEB8F-33D4-4E8C-904A-6A13D16C1BC3}.Release|Any CPU.Build.0 = Release|Any CPU
		{1C3DEB8F-33D4-4E8C-904A-6A13D16C1BC3}.Release|x64.ActiveCfg = Release|Any CPU
		{1C3DEB8F-33D4-4E8C-904A-6A13D16C1BC3}.Release|x64.Build.0 = Release|Any CPU
		{1C3DEB8F-33D4-4E8C-904A-6A13D16C1BC3}.Release|x86.ActiveCfg = Release|Any CPU
		{1C3DEB8F-33D4-4E8C-904A-6A13D16C1BC3}.Release|x86.Build.0 = Release|Any CPU
		{0535BB49-5A17-4196-87F8-57310D9EE344}.Debug|Any CPU.ActiveCfg = Debug|Any CPU
		{0535BB49-5A17-4196-87F8-57310D9EE344}.Debug|Any CPU.Build.0 = Debug|Any CPU
		{0535BB49-5A17-4196-87F8-57310D9EE344}.Debug|x64.ActiveCfg = Debug|Any CPU
		{0535BB49-5A17-4196-87F8-57310D9EE344}.Debug|x64.Build.0 = Debug|Any CPU
		{0535BB49-5A17-4196-87F8-57310D9EE344}.Debug|x86.ActiveCfg = Debug|Any CPU
		{0535BB49-5A17-4196-87F8-57310D9EE344}.Debug|x86.Build.0 = Debug|Any CPU
		{0535BB49-5A17-4196-87F8-57310D9EE344}.Release|Any CPU.ActiveCfg = Release|Any CPU
		{0535BB49-5A17-4196-87F8-57310D9EE344}.Release|Any CPU.Build.0 = Release|Any CPU
		{0535BB49-5A17-4196-87F8-57310D9EE344}.Release|x64.ActiveCfg = Release|Any CPU
		{0535BB49-5A17-4196-87F8-57310D9EE344}.Release|x64.Build.0 = Release|Any CPU
		{0535BB49-5A17-4196-87F8-57310D9EE344}.Release|x86.ActiveCfg = Release|Any CPU
		{0535BB49-5A17-4196-87F8-57310D9EE344}.Release|x86.Build.0 = Release|Any CPU
		{44E3417A-5837-4CC7-B49B-2B6FA3E7813A}.Debug|Any CPU.ActiveCfg = Debug|Any CPU
		{44E3417A-5837-4CC7-B49B-2B6FA3E7813A}.Debug|Any CPU.Build.0 = Debug|Any CPU
		{44E3417A-5837-4CC7-B49B-2B6FA3E7813A}.Debug|x64.ActiveCfg = Debug|Any CPU
		{44E3417A-5837-4CC7-B49B-2B6FA3E7813A}.Debug|x64.Build.0 = Debug|Any CPU
		{44E3417A-5837-4CC7-B49B-2B6FA3E7813A}.Debug|x86.ActiveCfg = Debug|Any CPU
		{44E3417A-5837-4CC7-B49B-2B6FA3E7813A}.Debug|x86.Build.0 = Debug|Any CPU
		{44E3417A-5837-4CC7-B49B-2B6FA3E7813A}.Release|Any CPU.ActiveCfg = Release|Any CPU
		{44E3417A-5837-4CC7-B49B-2B6FA3E7813A}.Release|Any CPU.Build.0 = Release|Any CPU
		{44E3417A-5837-4CC7-B49B-2B6FA3E7813A}.Release|x64.ActiveCfg = Release|Any CPU
		{44E3417A-5837-4CC7-B49B-2B6FA3E7813A}.Release|x64.Build.0 = Release|Any CPU
		{44E3417A-5837-4CC7-B49B-2B6FA3E7813A}.Release|x86.ActiveCfg = Release|Any CPU
		{44E3417A-5837-4CC7-B49B-2B6FA3E7813A}.Release|x86.Build.0 = Release|Any CPU
		{49DDC0F3-83DE-462A-B98E-7E55D0C25F7E}.Debug|Any CPU.ActiveCfg = Debug|Any CPU
		{49DDC0F3-83DE-462A-B98E-7E55D0C25F7E}.Debug|Any CPU.Build.0 = Debug|Any CPU
		{49DDC0F3-83DE-462A-B98E-7E55D0C25F7E}.Debug|x64.ActiveCfg = Debug|Any CPU
		{49DDC0F3-83DE-462A-B98E-7E55D0C25F7E}.Debug|x64.Build.0 = Debug|Any CPU
		{49DDC0F3-83DE-462A-B98E-7E55D0C25F7E}.Debug|x86.ActiveCfg = Debug|Any CPU
		{49DDC0F3-83DE-462A-B98E-7E55D0C25F7E}.Debug|x86.Build.0 = Debug|Any CPU
		{49DDC0F3-83DE-462A-B98E-7E55D0C25F7E}.Release|Any CPU.ActiveCfg = Release|Any CPU
		{49DDC0F3-83DE-462A-B98E-7E55D0C25F7E}.Release|Any CPU.Build.0 = Release|Any CPU
		{49DDC0F3-83DE-462A-B98E-7E55D0C25F7E}.Release|x64.ActiveCfg = Release|Any CPU
		{49DDC0F3-83DE-462A-B98E-7E55D0C25F7E}.Release|x64.Build.0 = Release|Any CPU
		{49DDC0F3-83DE-462A-B98E-7E55D0C25F7E}.Release|x86.ActiveCfg = Release|Any CPU
		{49DDC0F3-83DE-462A-B98E-7E55D0C25F7E}.Release|x86.Build.0 = Release|Any CPU
		{E33F81C2-3506-4AA1-BE4B-2BC83C8FCA16}.Debug|Any CPU.ActiveCfg = Debug|Any CPU
		{E33F81C2-3506-4AA1-BE4B-2BC83C8FCA16}.Debug|Any CPU.Build.0 = Debug|Any CPU
		{E33F81C2-3506-4AA1-BE4B-2BC83C8FCA16}.Debug|x64.ActiveCfg = Debug|Any CPU
		{E33F81C2-3506-4AA1-BE4B-2BC83C8FCA16}.Debug|x64.Build.0 = Debug|Any CPU
		{E33F81C2-3506-4AA1-BE4B-2BC83C8FCA16}.Debug|x86.ActiveCfg = Debug|Any CPU
		{E33F81C2-3506-4AA1-BE4B-2BC83C8FCA16}.Debug|x86.Build.0 = Debug|Any CPU
		{E33F81C2-3506-4AA1-BE4B-2BC83C8FCA16}.Release|Any CPU.ActiveCfg = Release|Any CPU
		{E33F81C2-3506-4AA1-BE4B-2BC83C8FCA16}.Release|Any CPU.Build.0 = Release|Any CPU
		{E33F81C2-3506-4AA1-BE4B-2BC83C8FCA16}.Release|x64.ActiveCfg = Release|Any CPU
		{E33F81C2-3506-4AA1-BE4B-2BC83C8FCA16}.Release|x64.Build.0 = Release|Any CPU
		{E33F81C2-3506-4AA1-BE4B-2BC83C8FCA16}.Release|x86.ActiveCfg = Release|Any CPU
		{E33F81C2-3506-4AA1-BE4B-2BC83C8FCA16}.Release|x86.Build.0 = Release|Any CPU
	EndGlobalSection
	GlobalSection(SolutionProperties) = preSolution
		HideSolutionNode = FALSE
	EndGlobalSection
	GlobalSection(NestedProjects) = preSolution
		{703B412F-1EC1-4C92-BC2B-79D89905EAD3} = {EED03899-3659-4D04-32BD-9A46F5538DE3}
		{7DED2F73-5774-4D32-802A-0C703B770EEC} = {EED03899-3659-4D04-32BD-9A46F5538DE3}
		{24127852-7941-445D-978E-E4276D6AB00E} = {EED03899-3659-4D04-32BD-9A46F5538DE3}
		{C2F432DD-6C1E-4D19-9B11-1D8CB4333659} = {EED03899-3659-4D04-32BD-9A46F5538DE3}
		{478635B2-94C0-4CA5-BE1A-1613CEAB8897} = {EED03899-3659-4D04-32BD-9A46F5538DE3}
		{7DAE1717-0B73-4A46-B5E0-E470EAE449E4} = {A39C23D2-F2C0-258D-165A-CF1E7FEE6E7B}
		{4D365640-0B01-4311-9CE2-119017F85378} = {493DF7A1-F4D5-86E3-7B78-F1F45B5A7E36}
		{76F7B451-C975-48CA-AC90-93D1349C3215} = {493DF7A1-F4D5-86E3-7B78-F1F45B5A7E36}
		{1C3DEB8F-33D4-4E8C-904A-6A13D16C1BC3} = {493DF7A1-F4D5-86E3-7B78-F1F45B5A7E36}
		{0535BB49-5A17-4196-87F8-57310D9EE344} = {A39C23D2-F2C0-258D-165A-CF1E7FEE6E7B}
		{44E3417A-5837-4CC7-B49B-2B6FA3E7813A} = {493DF7A1-F4D5-86E3-7B78-F1F45B5A7E36}
		{49DDC0F3-83DE-462A-B98E-7E55D0C25F7E} = {A39C23D2-F2C0-258D-165A-CF1E7FEE6E7B}
		{E33F81C2-3506-4AA1-BE4B-2BC83C8FCA16} = {EED03899-3659-4D04-32BD-9A46F5538DE3}
	EndGlobalSection
EndGlobal
